
Microsoft Visual Studio Solution File, Format Version 12.00
# Visual Studio 2013
VisualStudioVersion = 12.0.30501.0
MinimumVisualStudioVersion = 10.0.40219.1
Project("{FAE04EC0-301F-11D3-BF4B-00C04F79EFBC}") = "RedCell.Research.Experiment.UI.WPF", "RedCell.Research.Experiment.UI.WPF\RedCell.Research.Experiment.UI.WPF.csproj", "{00CD5003-674C-4C56-BFCA-25D853DE9337}"
EndProject
Project("{FAE04EC0-301F-11D3-BF4B-00C04F79EFBC}") = "RedCell.Research.Experiment.Facilitator", "RedCell.Research.Experiment.Facilitator\RedCell.Research.Experiment.Facilitator.csproj", "{EE90A9C1-D5E5-4A58-8C76-080D6979EF3E}"
EndProject
Project("{FAE04EC0-301F-11D3-BF4B-00C04F79EFBC}") = "RedCell.Research.Experiment.Tests", "RedCell.Research.Experiment.Tests\RedCell.Research.Experiment.Tests.csproj", "{E5A00A42-4296-4A76-B233-991A24175FB4}"
EndProject
Project("{FAE04EC0-301F-11D3-BF4B-00C04F79EFBC}") = "RedCell.Research.Experiment.Scripting", "RedCell.Research.Experiment.Scripting\RedCell.Research.Experiment.Scripting.csproj", "{59C291AF-A53B-4544-86F7-6E098F40B930}"
EndProject
Project("{FAE04EC0-301F-11D3-BF4B-00C04F79EFBC}") = "RedCell.Research.Sensors.Camera", "RedCell.Research.Sensors.Camera\RedCell.Research.Sensors.Camera.csproj", "{F92F1849-5143-4EF8-96A9-40811C4280BF}"
EndProject
Project("{FAE04EC0-301F-11D3-BF4B-00C04F79EFBC}") = "RedCell.Research.Experiment", "RedCell.Research\RedCell.Research.Experiment.csproj", "{8D912215-91F8-43A4-A4AB-DF59DB5E34FD}"
EndProject
Project("{FAE04EC0-301F-11D3-BF4B-00C04F79EFBC}") = "RedCell.Portable", "..\RedCell.Components\RedCell\RedCell.Portable.csproj", "{3F6FAF82-85E6-4DB2-8B8F-2B2648EDF94B}"
EndProject
Project("{FAE04EC0-301F-11D3-BF4B-00C04F79EFBC}") = "RedCell.UI.WPF.Charts", "..\RedCell.Components\RedCell.Windows.Forms.Charts\RedCell.UI.WPF.Charts.csproj", "{6D0BEDCC-2322-4B04-906F-1290E17ECAE8}"
EndProject
Project("{FAE04EC0-301F-11D3-BF4B-00C04F79EFBC}") = "RedCell.Research.Experiment.Logging", "RedCell.Research.Experiment.Logging\RedCell.Research.Experiment.Logging.csproj", "{EBD16889-5E1D-4FA2-96FB-42B9DE3D93E2}"
EndProject
Project("{FAE04EC0-301F-11D3-BF4B-00C04F79EFBC}") = "RedCell.Research.Experiment.UI.WPF.Designer", "RedCell.Research.Experiment.UI.WPF.Designer\RedCell.Research.Experiment.UI.WPF.Designer.csproj", "{9B18BDFF-EC7B-4B6D-AEF6-71FBE9262372}"
EndProject
Project("{FAE04EC0-301F-11D3-BF4B-00C04F79EFBC}") = "RedCell.UI.WPF.FileSystemExplorer", "WPF_Explorer_Tree\WPF_Explorer_Tree\RedCell.UI.WPF.FileSystemExplorer.csproj", "{D043537E-1585-473E-A3AF-4BF5FC0E3D41}"
EndProject
Global
	GlobalSection(SolutionConfigurationPlatforms) = preSolution
		Debug|Any CPU = Debug|Any CPU
		Debug|ARM = Debug|ARM
		Debug|x64 = Debug|x64
		Debug|x86 = Debug|x86
		Release|Any CPU = Release|Any CPU
		Release|ARM = Release|ARM
		Release|x64 = Release|x64
		Release|x86 = Release|x86
	EndGlobalSection
	GlobalSection(ProjectConfigurationPlatforms) = postSolution
		{00CD5003-674C-4C56-BFCA-25D853DE9337}.Debug|Any CPU.ActiveCfg = Debug|Any CPU
		{00CD5003-674C-4C56-BFCA-25D853DE9337}.Debug|Any CPU.Build.0 = Debug|Any CPU
		{00CD5003-674C-4C56-BFCA-25D853DE9337}.Debug|ARM.ActiveCfg = Debug|Any CPU
		{00CD5003-674C-4C56-BFCA-25D853DE9337}.Debug|x64.ActiveCfg = Debug|Any CPU
		{00CD5003-674C-4C56-BFCA-25D853DE9337}.Debug|x86.ActiveCfg = Debug|Any CPU
		{00CD5003-674C-4C56-BFCA-25D853DE9337}.Release|Any CPU.ActiveCfg = Release|Any CPU
		{00CD5003-674C-4C56-BFCA-25D853DE9337}.Release|Any CPU.Build.0 = Release|Any CPU
		{00CD5003-674C-4C56-BFCA-25D853DE9337}.Release|ARM.ActiveCfg = Release|Any CPU
		{00CD5003-674C-4C56-BFCA-25D853DE9337}.Release|x64.ActiveCfg = Release|Any CPU
		{00CD5003-674C-4C56-BFCA-25D853DE9337}.Release|x86.ActiveCfg = Release|Any CPU
		{EE90A9C1-D5E5-4A58-8C76-080D6979EF3E}.Debug|Any CPU.ActiveCfg = Debug|Any CPU
		{EE90A9C1-D5E5-4A58-8C76-080D6979EF3E}.Debug|Any CPU.Build.0 = Debug|Any CPU
		{EE90A9C1-D5E5-4A58-8C76-080D6979EF3E}.Debug|ARM.ActiveCfg = Debug|Any CPU
		{EE90A9C1-D5E5-4A58-8C76-080D6979EF3E}.Debug|x64.ActiveCfg = Debug|Any CPU
		{EE90A9C1-D5E5-4A58-8C76-080D6979EF3E}.Debug|x86.ActiveCfg = Debug|Any CPU
		{EE90A9C1-D5E5-4A58-8C76-080D6979EF3E}.Release|Any CPU.ActiveCfg = Release|Any CPU
		{EE90A9C1-D5E5-4A58-8C76-080D6979EF3E}.Release|Any CPU.Build.0 = Release|Any CPU
		{EE90A9C1-D5E5-4A58-8C76-080D6979EF3E}.Release|ARM.ActiveCfg = Release|Any CPU
		{EE90A9C1-D5E5-4A58-8C76-080D6979EF3E}.Release|x64.ActiveCfg = Release|Any CPU
		{EE90A9C1-D5E5-4A58-8C76-080D6979EF3E}.Release|x86.ActiveCfg = Release|Any CPU
		{E5A00A42-4296-4A76-B233-991A24175FB4}.Debug|Any CPU.ActiveCfg = Debug|Any CPU
		{E5A00A42-4296-4A76-B233-991A24175FB4}.Debug|Any CPU.Build.0 = Debug|Any CPU
		{E5A00A42-4296-4A76-B233-991A24175FB4}.Debug|ARM.ActiveCfg = Debug|Any CPU
		{E5A00A42-4296-4A76-B233-991A24175FB4}.Debug|x64.ActiveCfg = Debug|Any CPU
		{E5A00A42-4296-4A76-B233-991A24175FB4}.Debug|x86.ActiveCfg = Debug|Any CPU
		{E5A00A42-4296-4A76-B233-991A24175FB4}.Release|Any CPU.ActiveCfg = Release|Any CPU
		{E5A00A42-4296-4A76-B233-991A24175FB4}.Release|Any CPU.Build.0 = Release|Any CPU
		{E5A00A42-4296-4A76-B233-991A24175FB4}.Release|ARM.ActiveCfg = Release|Any CPU
		{E5A00A42-4296-4A76-B233-991A24175FB4}.Release|x64.ActiveCfg = Release|Any CPU
		{E5A00A42-4296-4A76-B233-991A24175FB4}.Release|x86.ActiveCfg = Release|Any CPU
		{59C291AF-A53B-4544-86F7-6E098F40B930}.Debug|Any CPU.ActiveCfg = Debug|Any CPU
		{59C291AF-A53B-4544-86F7-6E098F40B930}.Debug|Any CPU.Build.0 = Debug|Any CPU
		{59C291AF-A53B-4544-86F7-6E098F40B930}.Debug|ARM.ActiveCfg = Debug|Any CPU
		{59C291AF-A53B-4544-86F7-6E098F40B930}.Debug|x64.ActiveCfg = Debug|Any CPU
		{59C291AF-A53B-4544-86F7-6E098F40B930}.Debug|x86.ActiveCfg = Debug|Any CPU
		{59C291AF-A53B-4544-86F7-6E098F40B930}.Release|Any CPU.ActiveCfg = Release|Any CPU
		{59C291AF-A53B-4544-86F7-6E098F40B930}.Release|Any CPU.Build.0 = Release|Any CPU
		{59C291AF-A53B-4544-86F7-6E098F40B930}.Release|ARM.ActiveCfg = Release|Any CPU
		{59C291AF-A53B-4544-86F7-6E098F40B930}.Release|x64.ActiveCfg = Release|Any CPU
		{59C291AF-A53B-4544-86F7-6E098F40B930}.Release|x86.ActiveCfg = Release|Any CPU
		{F92F1849-5143-4EF8-96A9-40811C4280BF}.Debug|Any CPU.ActiveCfg = Debug|Any CPU
		{F92F1849-5143-4EF8-96A9-40811C4280BF}.Debug|Any CPU.Build.0 = Debug|Any CPU
		{F92F1849-5143-4EF8-96A9-40811C4280BF}.Debug|ARM.ActiveCfg = Debug|Any CPU
		{F92F1849-5143-4EF8-96A9-40811C4280BF}.Debug|x64.ActiveCfg = Debug|Any CPU
		{F92F1849-5143-4EF8-96A9-40811C4280BF}.Debug|x86.ActiveCfg = Debug|Any CPU
		{F92F1849-5143-4EF8-96A9-40811C4280BF}.Release|Any CPU.ActiveCfg = Release|Any CPU
		{F92F1849-5143-4EF8-96A9-40811C4280BF}.Release|Any CPU.Build.0 = Release|Any CPU
		{F92F1849-5143-4EF8-96A9-40811C4280BF}.Release|ARM.ActiveCfg = Release|Any CPU
		{F92F1849-5143-4EF8-96A9-40811C4280BF}.Release|x64.ActiveCfg = Release|Any CPU
		{F92F1849-5143-4EF8-96A9-40811C4280BF}.Release|x86.ActiveCfg = Release|Any CPU
		{8D912215-91F8-43A4-A4AB-DF59DB5E34FD}.Debug|Any CPU.ActiveCfg = Debug|Any CPU
		{8D912215-91F8-43A4-A4AB-DF59DB5E34FD}.Debug|Any CPU.Build.0 = Debug|Any CPU
		{8D912215-91F8-43A4-A4AB-DF59DB5E34FD}.Debug|ARM.ActiveCfg = Debug|Any CPU
		{8D912215-91F8-43A4-A4AB-DF59DB5E34FD}.Debug|x64.ActiveCfg = Debug|Any CPU
		{8D912215-91F8-43A4-A4AB-DF59DB5E34FD}.Debug|x86.ActiveCfg = Debug|Any CPU
		{8D912215-91F8-43A4-A4AB-DF59DB5E34FD}.Release|Any CPU.ActiveCfg = Release|Any CPU
		{8D912215-91F8-43A4-A4AB-DF59DB5E34FD}.Release|Any CPU.Build.0 = Release|Any CPU
		{8D912215-91F8-43A4-A4AB-DF59DB5E34FD}.Release|ARM.ActiveCfg = Release|Any CPU
		{8D912215-91F8-43A4-A4AB-DF59DB5E34FD}.Release|x64.ActiveCfg = Release|Any CPU
		{8D912215-91F8-43A4-A4AB-DF59DB5E34FD}.Release|x86.ActiveCfg = Release|Any CPU
		{3F6FAF82-85E6-4DB2-8B8F-2B2648EDF94B}.Debug|Any CPU.ActiveCfg = Debug|Any CPU
		{3F6FAF82-85E6-4DB2-8B8F-2B2648EDF94B}.Debug|Any CPU.Build.0 = Debug|Any CPU
		{3F6FAF82-85E6-4DB2-8B8F-2B2648EDF94B}.Debug|ARM.ActiveCfg = Debug|Any CPU
		{3F6FAF82-85E6-4DB2-8B8F-2B2648EDF94B}.Debug|x64.ActiveCfg = Debug|Any CPU
		{3F6FAF82-85E6-4DB2-8B8F-2B2648EDF94B}.Debug|x86.ActiveCfg = Debug|Any CPU
		{3F6FAF82-85E6-4DB2-8B8F-2B2648EDF94B}.Release|Any CPU.ActiveCfg = Release|Any CPU
		{3F6FAF82-85E6-4DB2-8B8F-2B2648EDF94B}.Release|Any CPU.Build.0 = Release|Any CPU
		{3F6FAF82-85E6-4DB2-8B8F-2B2648EDF94B}.Release|ARM.ActiveCfg = Release|Any CPU
		{3F6FAF82-85E6-4DB2-8B8F-2B2648EDF94B}.Release|x64.ActiveCfg = Release|Any CPU
		{3F6FAF82-85E6-4DB2-8B8F-2B2648EDF94B}.Release|x86.ActiveCfg = Release|Any CPU
		{6D0BEDCC-2322-4B04-906F-1290E17ECAE8}.Debug|Any CPU.ActiveCfg = Debug|Any CPU
		{6D0BEDCC-2322-4B04-906F-1290E17ECAE8}.Debug|Any CPU.Build.0 = Debug|Any CPU
		{6D0BEDCC-2322-4B04-906F-1290E17ECAE8}.Debug|ARM.ActiveCfg = Debug|Any CPU
		{6D0BEDCC-2322-4B04-906F-1290E17ECAE8}.Debug|x64.ActiveCfg = Debug|Any CPU
		{6D0BEDCC-2322-4B04-906F-1290E17ECAE8}.Debug|x86.ActiveCfg = Debug|Any CPU
		{6D0BEDCC-2322-4B04-906F-1290E17ECAE8}.Release|Any CPU.ActiveCfg = Release|Any CPU
		{6D0BEDCC-2322-4B04-906F-1290E17ECAE8}.Release|Any CPU.Build.0 = Release|Any CPU
		{6D0BEDCC-2322-4B04-906F-1290E17ECAE8}.Release|ARM.ActiveCfg = Release|Any CPU
		{6D0BEDCC-2322-4B04-906F-1290E17ECAE8}.Release|x64.ActiveCfg = Release|Any CPU
		{6D0BEDCC-2322-4B04-906F-1290E17ECAE8}.Release|x86.ActiveCfg = Release|Any CPU
		{EBD16889-5E1D-4FA2-96FB-42B9DE3D93E2}.Debug|Any CPU.ActiveCfg = Debug|Any CPU
		{EBD16889-5E1D-4FA2-96FB-42B9DE3D93E2}.Debug|Any CPU.Build.0 = Debug|Any CPU
		{EBD16889-5E1D-4FA2-96FB-42B9DE3D93E2}.Debug|ARM.ActiveCfg = Debug|Any CPU
		{EBD16889-5E1D-4FA2-96FB-42B9DE3D93E2}.Debug|x64.ActiveCfg = Debug|Any CPU
		{EBD16889-5E1D-4FA2-96FB-42B9DE3D93E2}.Debug|x86.ActiveCfg = Debug|Any CPU
		{EBD16889-5E1D-4FA2-96FB-42B9DE3D93E2}.Release|Any CPU.ActiveCfg = Release|Any CPU
		{EBD16889-5E1D-4FA2-96FB-42B9DE3D93E2}.Release|Any CPU.Build.0 = Release|Any CPU
		{EBD16889-5E1D-4FA2-96FB-42B9DE3D93E2}.Release|ARM.ActiveCfg = Release|Any CPU
		{EBD16889-5E1D-4FA2-96FB-42B9DE3D93E2}.Release|x64.ActiveCfg = Release|Any CPU
		{EBD16889-5E1D-4FA2-96FB-42B9DE3D93E2}.Release|x86.ActiveCfg = Release|Any CPU
		{9B18BDFF-EC7B-4B6D-AEF6-71FBE9262372}.Debug|Any CPU.ActiveCfg = Debug|Any CPU
		{9B18BDFF-EC7B-4B6D-AEF6-71FBE9262372}.Debug|Any CPU.Build.0 = Debug|Any CPU
		{9B18BDFF-EC7B-4B6D-AEF6-71FBE9262372}.Debug|ARM.ActiveCfg = Debug|Any CPU
		{9B18BDFF-EC7B-4B6D-AEF6-71FBE9262372}.Debug|x64.ActiveCfg = Debug|Any CPU
		{9B18BDFF-EC7B-4B6D-AEF6-71FBE9262372}.Debug|x86.ActiveCfg = Debug|Any CPU
		{9B18BDFF-EC7B-4B6D-AEF6-71FBE9262372}.Release|Any CPU.ActiveCfg = Release|Any CPU
		{9B18BDFF-EC7B-4B6D-AEF6-71FBE9262372}.Release|Any CPU.Build.0 = Release|Any CPU
		{9B18BDFF-EC7B-4B6D-AEF6-71FBE9262372}.Release|ARM.ActiveCfg = Release|Any CPU
		{9B18BDFF-EC7B-4B6D-AEF6-71FBE9262372}.Release|x64.ActiveCfg = Release|Any CPU
		{9B18BDFF-EC7B-4B6D-AEF6-71FBE9262372}.Release|x86.ActiveCfg = Release|Any CPU
		{D043537E-1585-473E-A3AF-4BF5FC0E3D41}.Debug|Any CPU.ActiveCfg = Debug|Any CPU
		{D043537E-1585-473E-A3AF-4BF5FC0E3D41}.Debug|Any CPU.Build.0 = Debug|Any CPU
		{D043537E-1585-473E-A3AF-4BF5FC0E3D41}.Debug|ARM.ActiveCfg = Debug|Any CPU
		{D043537E-1585-473E-A3AF-4BF5FC0E3D41}.Debug|x64.ActiveCfg = Debug|Any CPU
		{D043537E-1585-473E-A3AF-4BF5FC0E3D41}.Debug|x86.ActiveCfg = Debug|Any CPU
		{D043537E-1585-473E-A3AF-4BF5FC0E3D41}.Release|Any CPU.ActiveCfg = Release|Any CPU
		{D043537E-1585-473E-A3AF-4BF5FC0E3D41}.Release|Any CPU.Build.0 = Release|Any CPU
		{D043537E-1585-473E-A3AF-4BF5FC0E3D41}.Release|ARM.ActiveCfg = Release|Any CPU
		{D043537E-1585-473E-A3AF-4BF5FC0E3D41}.Release|x64.ActiveCfg = Release|Any CPU
		{D043537E-1585-473E-A3AF-4BF5FC0E3D41}.Release|x86.ActiveCfg = Release|Any CPU
	EndGlobalSection
	GlobalSection(SolutionProperties) = preSolution
		HideSolutionNode = FALSE
	EndGlobalSection
EndGlobal
